
Microsoft Visual Studio Solution File, Format Version 12.00
# Visual Studio Version 16
VisualStudioVersion = 16.0.30114.105
MinimumVisualStudioVersion = 10.0.40219.1
Project("{9A19103F-16F7-4668-BE54-9A1E7A4F7556}") = "ConsoleApp", "ConsoleApp\ConsoleApp.csproj", "{EB5B4D0B-9741-493D-8CE0-EC280CD701F3}"
EndProject
Project("{9A19103F-16F7-4668-BE54-9A1E7A4F7556}") = "UnitTests", "UnitTests\UnitTests.csproj", "{BA01BB1F-2481-4626-8FA0-5B776FD750A0}"
EndProject
Project("{2150E333-8FDC-42A3-9474-1A3956D46DE8}") = "UseExpressions", "UseExpressions", "{B8F3A6F1-743C-4B6C-8666-8CCAD4310CCA}"
EndProject
Global
	GlobalSection(SolutionConfigurationPlatforms) = preSolution
		Debug|Any CPU = Debug|Any CPU
		Release|Any CPU = Release|Any CPU
	EndGlobalSection
	GlobalSection(ProjectConfigurationPlatforms) = postSolution
		{EB5B4D0B-9741-493D-8CE0-EC280CD701F3}.Debug|Any CPU.ActiveCfg = Debug|Any CPU
		{EB5B4D0B-9741-493D-8CE0-EC280CD701F3}.Debug|Any CPU.Build.0 = Debug|Any CPU
		{EB5B4D0B-9741-493D-8CE0-EC280CD701F3}.Release|Any CPU.ActiveCfg = Release|Any CPU
		{EB5B4D0B-9741-493D-8CE0-EC280CD701F3}.Release|Any CPU.Build.0 = Release|Any CPU
		{BA01BB1F-2481-4626-8FA0-5B776FD750A0}.Debug|Any CPU.ActiveCfg = Debug|Any CPU
		{BA01BB1F-2481-4626-8FA0-5B776FD750A0}.Debug|Any CPU.Build.0 = Debug|Any CPU
		{BA01BB1F-2481-4626-8FA0-5B776FD750A0}.Release|Any CPU.ActiveCfg = Release|Any CPU
		{BA01BB1F-2481-4626-8FA0-5B776FD750A0}.Release|Any CPU.Build.0 = Release|Any CPU
	EndGlobalSection
	GlobalSection(SolutionProperties) = preSolution
		HideSolutionNode = FALSE
	EndGlobalSection
	GlobalSection(ExtensibilityGlobals) = postSolution
		SolutionGuid = {D03F4D8F-D59D-4E1C-AD74-B7BE64A6D3BB}
	EndGlobalSection
EndGlobal
